// !$*UTF8*$!
{
	archiveVersion = 1;
	classes = {
	};
	objectVersion = 56;
	objects = {

/* Begin PBXBuildFile section */
		953A36022B3ED34E00DD36AC /* Realm in Frameworks */ = {isa = PBXBuildFile; productRef = 953A36012B3ED34E00DD36AC /* Realm */; };
		953A36042B3ED34E00DD36AC /* RealmSwift in Frameworks */ = {isa = PBXBuildFile; productRef = 953A36032B3ED34E00DD36AC /* RealmSwift */; };
		953A36072B3ED5AA00DD36AC /* LoginView.swift in Sources */ = {isa = PBXBuildFile; fileRef = 953A36062B3ED5A900DD36AC /* LoginView.swift */; };
		953A36092B3EDD1200DD36AC /* SignupView.swift in Sources */ = {isa = PBXBuildFile; fileRef = 953A36082B3EDD1200DD36AC /* SignupView.swift */; };
		953A360E2B3FEC6300DD36AC /* Model.swift in Sources */ = {isa = PBXBuildFile; fileRef = 953A360D2B3FEC6300DD36AC /* Model.swift */; };
		953A36112B3FECA300DD36AC /* AuthModel.swift in Sources */ = {isa = PBXBuildFile; fileRef = 953A36102B3FECA200DD36AC /* AuthModel.swift */; };
		953A36132B4111CF00DD36AC /* AddCategoryView.swift in Sources */ = {isa = PBXBuildFile; fileRef = 953A36122B4111CF00DD36AC /* AddCategoryView.swift */; };
		953A36152B41184A00DD36AC /* CategoryModel.swift in Sources */ = {isa = PBXBuildFile; fileRef = 953A36142B41184A00DD36AC /* CategoryModel.swift */; };
		954D4E222B06B06100446756 /* ten_thousand_hoursApp.swift in Sources */ = {isa = PBXBuildFile; fileRef = 954D4E212B06B06100446756 /* ten_thousand_hoursApp.swift */; };
		954D4E262B06B06300446756 /* Assets.xcassets in Resources */ = {isa = PBXBuildFile; fileRef = 954D4E252B06B06300446756 /* Assets.xcassets */; };
		954D4E292B06B06300446756 /* Preview Assets.xcassets in Resources */ = {isa = PBXBuildFile; fileRef = 954D4E282B06B06300446756 /* Preview Assets.xcassets */; };
		95A4177D2B11947D00D9DCE2 /* SecondPage.swift in Sources */ = {isa = PBXBuildFile; fileRef = 95A4177C2B11947D00D9DCE2 /* SecondPage.swift */; };
		95CF01C22B11A71A0046E209 /* HomePageView.swift in Sources */ = {isa = PBXBuildFile; fileRef = 95CF01C12B11A71A0046E209 /* HomePageView.swift */; };
/* End PBXBuildFile section */

/* Begin PBXFileReference section */
		953A36062B3ED5A900DD36AC /* LoginView.swift */ = {isa = PBXFileReference; lastKnownFileType = sourcecode.swift; path = LoginView.swift; sourceTree = "<group>"; };
		953A36082B3EDD1200DD36AC /* SignupView.swift */ = {isa = PBXFileReference; lastKnownFileType = sourcecode.swift; path = SignupView.swift; sourceTree = "<group>"; };
		953A360D2B3FEC6300DD36AC /* Model.swift */ = {isa = PBXFileReference; lastKnownFileType = sourcecode.swift; path = Model.swift; sourceTree = "<group>"; };
		953A36102B3FECA200DD36AC /* AuthModel.swift */ = {isa = PBXFileReference; lastKnownFileType = sourcecode.swift; path = AuthModel.swift; sourceTree = "<group>"; };
		953A36122B4111CF00DD36AC /* AddCategoryView.swift */ = {isa = PBXFileReference; lastKnownFileType = sourcecode.swift; path = AddCategoryView.swift; sourceTree = "<group>"; };
		953A36142B41184A00DD36AC /* CategoryModel.swift */ = {isa = PBXFileReference; lastKnownFileType = sourcecode.swift; path = CategoryModel.swift; sourceTree = "<group>"; };
		954D4E1E2B06B06100446756 /* ten_thousand_hours.app */ = {isa = PBXFileReference; explicitFileType = wrapper.application; includeInIndex = 0; path = ten_thousand_hours.app; sourceTree = BUILT_PRODUCTS_DIR; };
		954D4E212B06B06100446756 /* ten_thousand_hoursApp.swift */ = {isa = PBXFileReference; lastKnownFileType = sourcecode.swift; path = ten_thousand_hoursApp.swift; sourceTree = "<group>"; };
		954D4E252B06B06300446756 /* Assets.xcassets */ = {isa = PBXFileReference; lastKnownFileType = folder.assetcatalog; path = Assets.xcassets; sourceTree = "<group>"; };
		954D4E282B06B06300446756 /* Preview Assets.xcassets */ = {isa = PBXFileReference; lastKnownFileType = folder.assetcatalog; path = "Preview Assets.xcassets"; sourceTree = "<group>"; };
		95A4177C2B11947D00D9DCE2 /* SecondPage.swift */ = {isa = PBXFileReference; lastKnownFileType = sourcecode.swift; path = SecondPage.swift; sourceTree = "<group>"; };
		95CF01C12B11A71A0046E209 /* HomePageView.swift */ = {isa = PBXFileReference; fileEncoding = 4; lastKnownFileType = sourcecode.swift; path = HomePageView.swift; sourceTree = "<group>"; };
/* End PBXFileReference section */

/* Begin PBXFrameworksBuildPhase section */
		954D4E1B2B06B06100446756 /* Frameworks */ = {
			isa = PBXFrameworksBuildPhase;
			buildActionMask = 2147483647;
			files = (
				953A36042B3ED34E00DD36AC /* RealmSwift in Frameworks */,
				953A36022B3ED34E00DD36AC /* Realm in Frameworks */,
			);
			runOnlyForDeploymentPostprocessing = 0;
		};
/* End PBXFrameworksBuildPhase section */

/* Begin PBXGroup section */
		953A36052B3ED55000DD36AC /* Views */ = {
			isa = PBXGroup;
			children = (
				95CF01C12B11A71A0046E209 /* HomePageView.swift */,
				953A36122B4111CF00DD36AC /* AddCategoryView.swift */,
				953A36062B3ED5A900DD36AC /* LoginView.swift */,
				953A36082B3EDD1200DD36AC /* SignupView.swift */,
				95A4177C2B11947D00D9DCE2 /* SecondPage.swift */,
			);
			path = Views;
			sourceTree = "<group>";
		};
		953A360C2B3FEC4300DD36AC /* Models */ = {
			isa = PBXGroup;
			children = (
				953A360D2B3FEC6300DD36AC /* Model.swift */,
			);
			path = Models;
			sourceTree = "<group>";
		};
		953A360F2B3FEC8100DD36AC /* ViewModels */ = {
			isa = PBXGroup;
			children = (
				953A36102B3FECA200DD36AC /* AuthModel.swift */,
				953A36142B41184A00DD36AC /* CategoryModel.swift */,
			);
			path = ViewModels;
			sourceTree = "<group>";
		};
		954D4E152B06B06100446756 = {
			isa = PBXGroup;
			children = (
				954D4E202B06B06100446756 /* ten_thousand_hours */,
				954D4E1F2B06B06100446756 /* Products */,
			);
			sourceTree = "<group>";
		};
		954D4E1F2B06B06100446756 /* Products */ = {
			isa = PBXGroup;
			children = (
				954D4E1E2B06B06100446756 /* ten_thousand_hours.app */,
			);
			name = Products;
			sourceTree = "<group>";
		};
		954D4E202B06B06100446756 /* ten_thousand_hours */ = {
			isa = PBXGroup;
			children = (
				954D4E212B06B06100446756 /* ten_thousand_hoursApp.swift */,
				953A36052B3ED55000DD36AC /* Views */,
				953A360C2B3FEC4300DD36AC /* Models */,
				953A360F2B3FEC8100DD36AC /* ViewModels */,
				954D4E272B06B06300446756 /* Preview Content */,
				954D4E252B06B06300446756 /* Assets.xcassets */,
			);
			path = ten_thousand_hours;
			sourceTree = "<group>";
		};
		954D4E272B06B06300446756 /* Preview Content */ = {
			isa = PBXGroup;
			children = (
				954D4E282B06B06300446756 /* Preview Assets.xcassets */,
			);
			path = "Preview Content";
			sourceTree = "<group>";
		};
/* End PBXGroup section */

/* Begin PBXNativeTarget section */
		954D4E1D2B06B06100446756 /* ten_thousand_hours */ = {
			isa = PBXNativeTarget;
			buildConfigurationList = 954D4E2C2B06B06300446756 /* Build configuration list for PBXNativeTarget "ten_thousand_hours" */;
			buildPhases = (
				954D4E1A2B06B06100446756 /* Sources */,
				954D4E1B2B06B06100446756 /* Frameworks */,
				954D4E1C2B06B06100446756 /* Resources */,
			);
			buildRules = (
			);
			dependencies = (
			);
			name = ten_thousand_hours;
			packageProductDependencies = (
				953A36012B3ED34E00DD36AC /* Realm */,
				953A36032B3ED34E00DD36AC /* RealmSwift */,
			);
			productName = ten_thousand_hours;
			productReference = 954D4E1E2B06B06100446756 /* ten_thousand_hours.app */;
			productType = "com.apple.product-type.application";
		};
/* End PBXNativeTarget section */

/* Begin PBXProject section */
		954D4E162B06B06100446756 /* Project object */ = {
			isa = PBXProject;
			attributes = {
				BuildIndependentTargetsInParallel = 1;
				LastSwiftUpdateCheck = 1500;
				LastUpgradeCheck = 1500;
				TargetAttributes = {
					954D4E1D2B06B06100446756 = {
						CreatedOnToolsVersion = 15.0.1;
					};
				};
			};
			buildConfigurationList = 954D4E192B06B06100446756 /* Build configuration list for PBXProject "ten_thousand_hours" */;
			compatibilityVersion = "Xcode 14.0";
			developmentRegion = en;
			hasScannedForEncodings = 0;
			knownRegions = (
				en,
				Base,
			);
			mainGroup = 954D4E152B06B06100446756;
			packageReferences = (
				953A36002B3ED34E00DD36AC /* XCRemoteSwiftPackageReference "realm-swift" */,
			);
			productRefGroup = 954D4E1F2B06B06100446756 /* Products */;
			projectDirPath = "";
			projectRoot = "";
			targets = (
				954D4E1D2B06B06100446756 /* ten_thousand_hours */,
			);
		};
/* End PBXProject section */

/* Begin PBXResourcesBuildPhase section */
		954D4E1C2B06B06100446756 /* Resources */ = {
			isa = PBXResourcesBuildPhase;
			buildActionMask = 2147483647;
			files = (
				954D4E292B06B06300446756 /* Preview Assets.xcassets in Resources */,
				954D4E262B06B06300446756 /* Assets.xcassets in Resources */,
			);
			runOnlyForDeploymentPostprocessing = 0;
		};
/* End PBXResourcesBuildPhase section */

/* Begin PBXSourcesBuildPhase section */
		954D4E1A2B06B06100446756 /* Sources */ = {
			isa = PBXSourcesBuildPhase;
			buildActionMask = 2147483647;
			files = (
				954D4E222B06B06100446756 /* ten_thousand_hoursApp.swift in Sources */,
				953A360E2B3FEC6300DD36AC /* Model.swift in Sources */,
				953A36132B4111CF00DD36AC /* AddCategoryView.swift in Sources */,
				95A4177D2B11947D00D9DCE2 /* SecondPage.swift in Sources */,
				953A36072B3ED5AA00DD36AC /* LoginView.swift in Sources */,
				95CF01C22B11A71A0046E209 /* HomePageView.swift in Sources */,
				953A36092B3EDD1200DD36AC /* SignupView.swift in Sources */,
				953A36152B41184A00DD36AC /* CategoryModel.swift in Sources */,
				953A36112B3FECA300DD36AC /* AuthModel.swift in Sources */,
			);
			runOnlyForDeploymentPostprocessing = 0;
		};
/* End PBXSourcesBuildPhase section */

/* Begin XCBuildConfiguration section */
		954D4E2A2B06B06300446756 /* Debug */ = {
			isa = XCBuildConfiguration;
			buildSettings = {
				ALWAYS_SEARCH_USER_PATHS = NO;
				ASSETCATALOG_COMPILER_GENERATE_SWIFT_ASSET_SYMBOL_EXTENSIONS = YES;
				CLANG_ANALYZER_NONNULL = YES;
				CLANG_ANALYZER_NUMBER_OBJECT_CONVERSION = YES_AGGRESSIVE;
				CLANG_CXX_LANGUAGE_STANDARD = "gnu++20";
				CLANG_ENABLE_MODULES = YES;
				CLANG_ENABLE_OBJC_ARC = YES;
				CLANG_ENABLE_OBJC_WEAK = YES;
				CLANG_WARN_BLOCK_CAPTURE_AUTORELEASING = YES;
				CLANG_WARN_BOOL_CONVERSION = YES;
				CLANG_WARN_COMMA = YES;
				CLANG_WARN_CONSTANT_CONVERSION = YES;
				CLANG_WARN_DEPRECATED_OBJC_IMPLEMENTATIONS = YES;
				CLANG_WARN_DIRECT_OBJC_ISA_USAGE = YES_ERROR;
				CLANG_WARN_DOCUMENTATION_COMMENTS = YES;
				CLANG_WARN_EMPTY_BODY = YES;
				CLANG_WARN_ENUM_CONVERSION = YES;
				CLANG_WARN_INFINITE_RECURSION = YES;
				CLANG_WARN_INT_CONVERSION = YES;
				CLANG_WARN_NON_LITERAL_NULL_CONVERSION = YES;
				CLANG_WARN_OBJC_IMPLICIT_RETAIN_SELF = YES;
				CLANG_WARN_OBJC_LITERAL_CONVERSION = YES;
				CLANG_WARN_OBJC_ROOT_CLASS = YES_ERROR;
				CLANG_WARN_QUOTED_INCLUDE_IN_FRAMEWORK_HEADER = YES;
				CLANG_WARN_RANGE_LOOP_ANALYSIS = YES;
				CLANG_WARN_STRICT_PROTOTYPES = YES;
				CLANG_WARN_SUSPICIOUS_MOVE = YES;
				CLANG_WARN_UNGUARDED_AVAILABILITY = YES_AGGRESSIVE;
				CLANG_WARN_UNREACHABLE_CODE = YES;
				CLANG_WARN__DUPLICATE_METHOD_MATCH = YES;
				COPY_PHASE_STRIP = NO;
				DEBUG_INFORMATION_FORMAT = dwarf;
				ENABLE_STRICT_OBJC_MSGSEND = YES;
				ENABLE_TESTABILITY = YES;
				ENABLE_USER_SCRIPT_SANDBOXING = YES;
				GCC_C_LANGUAGE_STANDARD = gnu17;
				GCC_DYNAMIC_NO_PIC = NO;
				GCC_NO_COMMON_BLOCKS = YES;
				GCC_OPTIMIZATION_LEVEL = 0;
				GCC_PREPROCESSOR_DEFINITIONS = (
					"DEBUG=1",
					"$(inherited)",
				);
				GCC_WARN_64_TO_32_BIT_CONVERSION = YES;
				GCC_WARN_ABOUT_RETURN_TYPE = YES_ERROR;
				GCC_WARN_UNDECLARED_SELECTOR = YES;
				GCC_WARN_UNINITIALIZED_AUTOS = YES_AGGRESSIVE;
				GCC_WARN_UNUSED_FUNCTION = YES;
				GCC_WARN_UNUSED_VARIABLE = YES;
				IPHONEOS_DEPLOYMENT_TARGET = 17.0;
				LOCALIZATION_PREFERS_STRING_CATALOGS = YES;
				MTL_ENABLE_DEBUG_INFO = INCLUDE_SOURCE;
				MTL_FAST_MATH = YES;
				ONLY_ACTIVE_ARCH = YES;
				SDKROOT = iphoneos;
				SWIFT_ACTIVE_COMPILATION_CONDITIONS = "DEBUG $(inherited)";
				SWIFT_OPTIMIZATION_LEVEL = "-Onone";
			};
			name = Debug;
		};
		954D4E2B2B06B06300446756 /* Release */ = {
			isa = XCBuildConfiguration;
			buildSettings = {
				ALWAYS_SEARCH_USER_PATHS = NO;
				ASSETCATALOG_COMPILER_GENERATE_SWIFT_ASSET_SYMBOL_EXTENSIONS = YES;
				CLANG_ANALYZER_NONNULL = YES;
				CLANG_ANALYZER_NUMBER_OBJECT_CONVERSION = YES_AGGRESSIVE;
				CLANG_CXX_LANGUAGE_STANDARD = "gnu++20";
				CLANG_ENABLE_MODULES = YES;
				CLANG_ENABLE_OBJC_ARC = YES;
				CLANG_ENABLE_OBJC_WEAK = YES;
				CLANG_WARN_BLOCK_CAPTURE_AUTORELEASING = YES;
				CLANG_WARN_BOOL_CONVERSION = YES;
				CLANG_WARN_COMMA = YES;
				CLANG_WARN_CONSTANT_CONVERSION = YES;
				CLANG_WARN_DEPRECATED_OBJC_IMPLEMENTATIONS = YES;
				CLANG_WARN_DIRECT_OBJC_ISA_USAGE = YES_ERROR;
				CLANG_WARN_DOCUMENTATION_COMMENTS = YES;
				CLANG_WARN_EMPTY_BODY = YES;
				CLANG_WARN_ENUM_CONVERSION = YES;
				CLANG_WARN_INFINITE_RECURSION = YES;
				CLANG_WARN_INT_CONVERSION = YES;
				CLANG_WARN_NON_LITERAL_NULL_CONVERSION = YES;
				CLANG_WARN_OBJC_IMPLICIT_RETAIN_SELF = YES;
				CLANG_WARN_OBJC_LITERAL_CONVERSION = YES;
				CLANG_WARN_OBJC_ROOT_CLASS = YES_ERROR;
				CLANG_WARN_QUOTED_INCLUDE_IN_FRAMEWORK_HEADER = YES;
				CLANG_WARN_RANGE_LOOP_ANALYSIS = YES;
				CLANG_WARN_STRICT_PROTOTYPES = YES;
				CLANG_WARN_SUSPICIOUS_MOVE = YES;
				CLANG_WARN_UNGUARDED_AVAILABILITY = YES_AGGRESSIVE;
				CLANG_WARN_UNREACHABLE_CODE = YES;
				CLANG_WARN__DUPLICATE_METHOD_MATCH = YES;
				COPY_PHASE_STRIP = NO;
				DEBUG_INFORMATION_FORMAT = "dwarf-with-dsym";
				ENABLE_NS_ASSERTIONS = NO;
				ENABLE_STRICT_OBJC_MSGSEND = YES;
				ENABLE_USER_SCRIPT_SANDBOXING = YES;
				GCC_C_LANGUAGE_STANDARD = gnu17;
				GCC_NO_COMMON_BLOCKS = YES;
				GCC_WARN_64_TO_32_BIT_CONVERSION = YES;
				GCC_WARN_ABOUT_RETURN_TYPE = YES_ERROR;
				GCC_WARN_UNDECLARED_SELECTOR = YES;
				GCC_WARN_UNINITIALIZED_AUTOS = YES_AGGRESSIVE;
				GCC_WARN_UNUSED_FUNCTION = YES;
				GCC_WARN_UNUSED_VARIABLE = YES;
				IPHONEOS_DEPLOYMENT_TARGET = 17.0;
				LOCALIZATION_PREFERS_STRING_CATALOGS = YES;
				MTL_ENABLE_DEBUG_INFO = NO;
				MTL_FAST_MATH = YES;
				SDKROOT = iphoneos;
				SWIFT_COMPILATION_MODE = wholemodule;
				VALIDATE_PRODUCT = YES;
			};
			name = Release;
		};
		954D4E2D2B06B06300446756 /* Debug */ = {
			isa = XCBuildConfiguration;
			buildSettings = {
				ASSETCATALOG_COMPILER_APPICON_NAME = AppIcon;
				ASSETCATALOG_COMPILER_GLOBAL_ACCENT_COLOR_NAME = AccentColor;
				CODE_SIGN_STYLE = Automatic;
				CURRENT_PROJECT_VERSION = 1;
				DEVELOPMENT_ASSET_PATHS = "\"ten_thousand_hours/Preview Content\"";
				ENABLE_PREVIEWS = YES;
				GENERATE_INFOPLIST_FILE = YES;
				INFOPLIST_KEY_UIApplicationSceneManifest_Generation = YES;
				INFOPLIST_KEY_UIApplicationSupportsIndirectInputEvents = YES;
				INFOPLIST_KEY_UILaunchScreen_Generation = YES;
				INFOPLIST_KEY_UISupportedInterfaceOrientations_iPad = "UIInterfaceOrientationPortrait UIInterfaceOrientationPortraitUpsideDown UIInterfaceOrientationLandscapeLeft UIInterfaceOrientationLandscapeRight";
				INFOPLIST_KEY_UISupportedInterfaceOrientations_iPhone = "UIInterfaceOrientationPortrait UIInterfaceOrientationLandscapeLeft UIInterfaceOrientationLandscapeRight";
				LD_RUNPATH_SEARCH_PATHS = (
					"$(inherited)",
					"@executable_path/Frameworks",
				);
				MARKETING_VERSION = 1.0;
				PRODUCT_BUNDLE_IDENTIFIER = "com.Ivy.ten-thousand-hours";
				PRODUCT_NAME = "$(TARGET_NAME)";
				SWIFT_EMIT_LOC_STRINGS = YES;
				SWIFT_VERSION = 5.0;
				TARGETED_DEVICE_FAMILY = "1,2";
			};
			name = Debug;
		};
		954D4E2E2B06B06300446756 /* Release */ = {
			isa = XCBuildConfiguration;
			buildSettings = {
				ASSETCATALOG_COMPILER_APPICON_NAME = AppIcon;
				ASSETCATALOG_COMPILER_GLOBAL_ACCENT_COLOR_NAME = AccentColor;
				CODE_SIGN_STYLE = Automatic;
				CURRENT_PROJECT_VERSION = 1;
				DEVELOPMENT_ASSET_PATHS = "\"ten_thousand_hours/Preview Content\"";
				ENABLE_PREVIEWS = YES;
				GENERATE_INFOPLIST_FILE = YES;
				INFOPLIST_KEY_UIApplicationSceneManifest_Generation = YES;
				INFOPLIST_KEY_UIApplicationSupportsIndirectInputEvents = YES;
				INFOPLIST_KEY_UILaunchScreen_Generation = YES;
				INFOPLIST_KEY_UISupportedInterfaceOrientations_iPad = "UIInterfaceOrientationPortrait UIInterfaceOrientationPortraitUpsideDown UIInterfaceOrientationLandscapeLeft UIInterfaceOrientationLandscapeRight";
				INFOPLIST_KEY_UISupportedInterfaceOrientations_iPhone = "UIInterfaceOrientationPortrait UIInterfaceOrientationLandscapeLeft UIInterfaceOrientationLandscapeRight";
				LD_RUNPATH_SEARCH_PATHS = (
					"$(inherited)",
					"@executable_path/Frameworks",
				);
				MARKETING_VERSION = 1.0;
				PRODUCT_BUNDLE_IDENTIFIER = "com.Ivy.ten-thousand-hours";
				PRODUCT_NAME = "$(TARGET_NAME)";
				SWIFT_EMIT_LOC_STRINGS = YES;
				SWIFT_VERSION = 5.0;
				TARGETED_DEVICE_FAMILY = "1,2";
			};
			name = Release;
		};
/* End XCBuildConfiguration section */

/* Begin XCConfigurationList section */
		954D4E192B06B06100446756 /* Build configuration list for PBXProject "ten_thousand_hours" */ = {
			isa = XCConfigurationList;
			buildConfigurations = (
				954D4E2A2B06B06300446756 /* Debug */,
				954D4E2B2B06B06300446756 /* Release */,
			);
			defaultConfigurationIsVisible = 0;
			defaultConfigurationName = Release;
		};
		954D4E2C2B06B06300446756 /* Build configuration list for PBXNativeTarget "ten_thousand_hours" */ = {
			isa = XCConfigurationList;
			buildConfigurations = (
				954D4E2D2B06B06300446756 /* Debug */,
				954D4E2E2B06B06300446756 /* Release */,
			);
			defaultConfigurationIsVisible = 0;
			defaultConfigurationName = Release;
		};
/* End XCConfigurationList section */

/* Begin XCRemoteSwiftPackageReference section */
		953A36002B3ED34E00DD36AC /* XCRemoteSwiftPackageReference "realm-swift" */ = {
			isa = XCRemoteSwiftPackageReference;
			repositoryURL = "https://github.com/realm/realm-swift";
			requirement = {
				branch = master;
				kind = branch;
			};
		};
/* End XCRemoteSwiftPackageReference section */

/* Begin XCSwiftPackageProductDependency section */
		953A36012B3ED34E00DD36AC /* Realm */ = {
			isa = XCSwiftPackageProductDependency;
			package = 953A36002B3ED34E00DD36AC /* XCRemoteSwiftPackageReference "realm-swift" */;
			productName = Realm;
		};
		953A36032B3ED34E00DD36AC /* RealmSwift */ = {
			isa = XCSwiftPackageProductDependency;
			package = 953A36002B3ED34E00DD36AC /* XCRemoteSwiftPackageReference "realm-swift" */;
			productName = RealmSwift;
		};
/* End XCSwiftPackageProductDependency section */
	};
	rootObject = 954D4E162B06B06100446756 /* Project object */;
}
